// !$*UTF8*$!
{
   archiveVersion = "1";
   objectVersion = "46";
   objects = {
      "KKBOXOpenAPI::KKBOXOpenAPI" = {
         isa = "PBXNativeTarget";
         buildConfigurationList = "OBJ_32";
         buildPhases = (
            "OBJ_35",
            "OBJ_40",
            "OBJ_44"
         );
         dependencies = (
         );
         name = "KKBOXOpenAPI";
         productName = "KKBOXOpenAPI";
         productReference = "KKBOXOpenAPI::KKBOXOpenAPI::Product";
         productType = "com.apple.product-type.framework";
      };
      "KKBOXOpenAPI::KKBOXOpenAPI::Product" = {
         isa = "PBXFileReference";
         path = "KKBOXOpenAPI.framework";
         sourceTree = "BUILT_PRODUCTS_DIR";
      };
      "KKBOXOpenAPI::KKBOXOpenAPIPackageTests::ProductTarget" = {
         isa = "PBXAggregateTarget";
         buildConfigurationList = "OBJ_52";
         buildPhases = (
         );
         dependencies = (
            "OBJ_55"
         );
         name = "KKBOXOpenAPIPackageTests";
         productName = "KKBOXOpenAPIPackageTests";
      };
      "KKBOXOpenAPI::KKBOXOpenAPITests" = {
         isa = "PBXNativeTarget";
         buildConfigurationList = "OBJ_57";
         buildPhases = (
            "OBJ_60",
            "OBJ_63"
         );
         dependencies = (
            "OBJ_65"
         );
         name = "KKBOXOpenAPITests";
         productName = "KKBOXOpenAPITests";
         productReference = "KKBOXOpenAPI::KKBOXOpenAPITests::Product";
         productType = "com.apple.product-type.bundle.unit-test";
      };
      "KKBOXOpenAPI::KKBOXOpenAPITests::Product" = {
         isa = "PBXFileReference";
         path = "KKBOXOpenAPITests.xctest";
         sourceTree = "BUILT_PRODUCTS_DIR";
      };
      "KKBOXOpenAPI::SwiftPMPackageDescription" = {
         isa = "PBXNativeTarget";
         buildConfigurationList = "OBJ_46";
         buildPhases = (
            "OBJ_49"
         );
         dependencies = (
         );
         name = "KKBOXOpenAPIPackageDescription";
         productName = "KKBOXOpenAPIPackageDescription";
         productType = "com.apple.product-type.framework";
      };
      "OBJ_1" = {
         isa = "PBXProject";
         attributes = {
            LastSwiftMigration = "9999";
            LastUpgradeCheck = "9999";
         };
         buildConfigurationList = "OBJ_2";
         compatibilityVersion = "Xcode 3.2";
         developmentRegion = "en";
         hasScannedForEncodings = "0";
         knownRegions = (
            "en"
         );
         mainGroup = "OBJ_5";
         productRefGroup = "OBJ_22";
         projectDirPath = ".";
         targets = (
            "KKBOXOpenAPI::KKBOXOpenAPI",
            "KKBOXOpenAPI::SwiftPMPackageDescription",
            "KKBOXOpenAPI::KKBOXOpenAPIPackageTests::ProductTarget",
            "KKBOXOpenAPI::KKBOXOpenAPITests"
         );
      };
      "OBJ_10" = {
         isa = "PBXFileReference";
         path = "NSData+LFHTTPFormExtensions.m";
         sourceTree = "<group>";
      };
      "OBJ_11" = {
         isa = "PBXFileReference";
         path = "OpenAPI+Privates.m";
         sourceTree = "<group>";
      };
      "OBJ_12" = {
         isa = "PBXFileReference";
         path = "OpenAPI.m";
         sourceTree = "<group>";
      };
      "OBJ_13" = {
         isa = "PBXFileReference";
         path = "OpenAPIObjects.m";
         sourceTree = "<group>";
      };
      "OBJ_14" = {
         isa = "PBXGroup";
         children = (
            "OBJ_15",
            "OBJ_16",
            "OBJ_17"
         );
         name = "include";
         path = "include";
         sourceTree = "<group>";
      };
      "OBJ_15" = {
         isa = "PBXFileReference";
         path = "OpenAPI.h";
         sourceTree = "<group>";
      };
      "OBJ_16" = {
         isa = "PBXFileReference";
         path = "OpenAPIObjects.h";
         sourceTree = "<group>";
      };
      "OBJ_17" = {
         isa = "PBXFileReference";
         path = "KKBOXOpenAPI.h";
         sourceTree = "<group>";
      };
      "OBJ_18" = {
         isa = "PBXGroup";
         children = (
            "OBJ_19"
         );
         name = "Tests";
         path = "";
         sourceTree = "SOURCE_ROOT";
      };
      "OBJ_19" = {
         isa = "PBXGroup";
         children = (
            "OBJ_20",
            "OBJ_21"
         );
         name = "KKBOXOpenAPITests";
         path = "Tests/KKBOXOpenAPITests";
         sourceTree = "SOURCE_ROOT";
      };
      "OBJ_2" = {
         isa = "XCConfigurationList";
         buildConfigurations = (
            "OBJ_3",
            "OBJ_4"
         );
         defaultConfigurationIsVisible = "0";
         defaultConfigurationName = "Release";
      };
      "OBJ_20" = {
         isa = "PBXFileReference";
         path = "Tests.swift";
         sourceTree = "<group>";
      };
      "OBJ_21" = {
         isa = "PBXFileReference";
         path = "XCTestManifests.swift";
         sourceTree = "<group>";
      };
      "OBJ_22" = {
         isa = "PBXGroup";
         children = (
            "KKBOXOpenAPI::KKBOXOpenAPI::Product",
            "KKBOXOpenAPI::KKBOXOpenAPITests::Product"
         );
         name = "Products";
         path = "";
         sourceTree = "BUILT_PRODUCTS_DIR";
      };
      "OBJ_25" = {
         isa = "PBXFileReference";
         path = "docs";
         sourceTree = "SOURCE_ROOT";
      };
      "OBJ_26" = {
         isa = "PBXFileReference";
         path = "ExampleIOS";
         sourceTree = "SOURCE_ROOT";
      };
      "OBJ_27" = {
         isa = "PBXFileReference";
         path = "jazzy.sh";
         sourceTree = "<group>";
      };
      "OBJ_28" = {
         isa = "PBXFileReference";
         path = "KKBOXOpenAPI.podspec";
         sourceTree = "<group>";
      };
      "OBJ_29" = {
         isa = "PBXFileReference";
         path = "README.md";
         sourceTree = "<group>";
      };
      "OBJ_3" = {
         isa = "XCBuildConfiguration";
         buildSettings = {
            CLANG_ENABLE_OBJC_ARC = "YES";
            COMBINE_HIDPI_IMAGES = "YES";
            COPY_PHASE_STRIP = "NO";
            DEBUG_INFORMATION_FORMAT = "dwarf";
            DYLIB_INSTALL_NAME_BASE = "@rpath";
            ENABLE_NS_ASSERTIONS = "YES";
            GCC_OPTIMIZATION_LEVEL = "0";
            GCC_PREPROCESSOR_DEFINITIONS = (
               "$(inherited)",
               "SWIFT_PACKAGE=1",
               "DEBUG=1"
            );
            MACOSX_DEPLOYMENT_TARGET = "10.10";
            ONLY_ACTIVE_ARCH = "YES";
            OTHER_SWIFT_FLAGS = (
               "$(inherited)",
               "-DXcode"
            );
            PRODUCT_NAME = "$(TARGET_NAME)";
            SDKROOT = "macosx";
            SUPPORTED_PLATFORMS = (
               "macosx",
               "iphoneos",
               "iphonesimulator",
               "appletvos",
               "appletvsimulator",
               "watchos",
               "watchsimulator"
            );
            SWIFT_ACTIVE_COMPILATION_CONDITIONS = (
               "$(inherited)",
               "SWIFT_PACKAGE",
               "DEBUG"
            );
            SWIFT_OPTIMIZATION_LEVEL = "-Onone";
            USE_HEADERMAP = "NO";
         };
         name = "Debug";
      };
      "OBJ_30" = {
         isa = "PBXFileReference";
         path = "LICENSE.txt";
         sourceTree = "<group>";
      };
      "OBJ_32" = {
         isa = "XCConfigurationList";
         buildConfigurations = (
            "OBJ_33",
            "OBJ_34"
         );
         defaultConfigurationIsVisible = "0";
         defaultConfigurationName = "Release";
      };
      "OBJ_33" = {
         isa = "XCBuildConfiguration";
         buildSettings = {
            CLANG_ENABLE_MODULES = "YES";
            DEFINES_MODULE = "YES";
            ENABLE_TESTABILITY = "YES";
            FRAMEWORK_SEARCH_PATHS = (
               "$(inherited)",
               "$(PLATFORM_DIR)/Developer/Library/Frameworks"
            );
            HEADER_SEARCH_PATHS = (
               "$(inherited)",
               "$(SRCROOT)/Sources/KKBOXOpenAPI/include"
            );
            INFOPLIST_FILE = "KKBOXOpenAPI.xcodeproj/KKBOXOpenAPI_Info.plist";
            IPHONEOS_DEPLOYMENT_TARGET = "8.0";
            LD_RUNPATH_SEARCH_PATHS = (
               "$(inherited)",
               "$(TOOLCHAIN_DIR)/usr/lib/swift/macosx"
            );
            MACOSX_DEPLOYMENT_TARGET = "10.10";
            OTHER_CFLAGS = (
               "$(inherited)"
            );
            OTHER_LDFLAGS = (
               "$(inherited)"
            );
            OTHER_SWIFT_FLAGS = (
               "$(inherited)"
            );
            PRODUCT_BUNDLE_IDENTIFIER = "KKBOXOpenAPI";
            PRODUCT_MODULE_NAME = "$(TARGET_NAME:c99extidentifier)";
            PRODUCT_NAME = "$(TARGET_NAME:c99extidentifier)";
            SKIP_INSTALL = "YES";
            SWIFT_ACTIVE_COMPILATION_CONDITIONS = (
               "$(inherited)"
            );
            TARGET_NAME = "KKBOXOpenAPI";
            TVOS_DEPLOYMENT_TARGET = "9.0";
            WATCHOS_DEPLOYMENT_TARGET = "2.0";
         };
         name = "Debug";
      };
      "OBJ_34" = {
         isa = "XCBuildConfiguration";
         buildSettings = {
            CLANG_ENABLE_MODULES = "YES";
            DEFINES_MODULE = "YES";
            ENABLE_TESTABILITY = "YES";
            FRAMEWORK_SEARCH_PATHS = (
               "$(inherited)",
               "$(PLATFORM_DIR)/Developer/Library/Frameworks"
            );
            HEADER_SEARCH_PATHS = (
               "$(inherited)",
               "$(SRCROOT)/Sources/KKBOXOpenAPI/include"
            );
            INFOPLIST_FILE = "KKBOXOpenAPI.xcodeproj/KKBOXOpenAPI_Info.plist";
            IPHONEOS_DEPLOYMENT_TARGET = "8.0";
            LD_RUNPATH_SEARCH_PATHS = (
               "$(inherited)",
               "$(TOOLCHAIN_DIR)/usr/lib/swift/macosx"
            );
            MACOSX_DEPLOYMENT_TARGET = "10.10";
            OTHER_CFLAGS = (
               "$(inherited)"
            );
            OTHER_LDFLAGS = (
               "$(inherited)"
            );
            OTHER_SWIFT_FLAGS = (
               "$(inherited)"
            );
            PRODUCT_BUNDLE_IDENTIFIER = "KKBOXOpenAPI";
            PRODUCT_MODULE_NAME = "$(TARGET_NAME:c99extidentifier)";
            PRODUCT_NAME = "$(TARGET_NAME:c99extidentifier)";
            SKIP_INSTALL = "YES";
            SWIFT_ACTIVE_COMPILATION_CONDITIONS = (
               "$(inherited)"
            );
            TARGET_NAME = "KKBOXOpenAPI";
            TVOS_DEPLOYMENT_TARGET = "9.0";
            WATCHOS_DEPLOYMENT_TARGET = "2.0";
         };
         name = "Release";
      };
      "OBJ_35" = {
         isa = "PBXSourcesBuildPhase";
         files = (
            "OBJ_36",
            "OBJ_37",
            "OBJ_38",
            "OBJ_39"
         );
      };
      "OBJ_36" = {
         isa = "PBXBuildFile";
         fileRef = "OBJ_10";
      };
      "OBJ_37" = {
         isa = "PBXBuildFile";
         fileRef = "OBJ_11";
      };
      "OBJ_38" = {
         isa = "PBXBuildFile";
         fileRef = "OBJ_12";
      };
      "OBJ_39" = {
         isa = "PBXBuildFile";
         fileRef = "OBJ_13";
      };
      "OBJ_4" = {
         isa = "XCBuildConfiguration";
         buildSettings = {
            CLANG_ENABLE_OBJC_ARC = "YES";
            COMBINE_HIDPI_IMAGES = "YES";
            COPY_PHASE_STRIP = "YES";
            DEBUG_INFORMATION_FORMAT = "dwarf-with-dsym";
            DYLIB_INSTALL_NAME_BASE = "@rpath";
            GCC_OPTIMIZATION_LEVEL = "s";
            GCC_PREPROCESSOR_DEFINITIONS = (
               "$(inherited)",
               "SWIFT_PACKAGE=1"
            );
            MACOSX_DEPLOYMENT_TARGET = "10.10";
            OTHER_SWIFT_FLAGS = (
               "$(inherited)",
               "-DXcode"
            );
            PRODUCT_NAME = "$(TARGET_NAME)";
            SDKROOT = "macosx";
            SUPPORTED_PLATFORMS = (
               "macosx",
               "iphoneos",
               "iphonesimulator",
               "appletvos",
               "appletvsimulator",
               "watchos",
               "watchsimulator"
            );
            SWIFT_ACTIVE_COMPILATION_CONDITIONS = (
               "$(inherited)",
               "SWIFT_PACKAGE"
            );
            SWIFT_OPTIMIZATION_LEVEL = "-Owholemodule";
            USE_HEADERMAP = "NO";
         };
         name = "Release";
      };
      "OBJ_40" = {
         isa = "PBXHeadersBuildPhase";
         files = (
            "OBJ_41",
            "OBJ_42",
            "OBJ_43"
         );
      };
      "OBJ_41" = {
         isa = "PBXBuildFile";
         fileRef = "OBJ_15";
         settings = {
            ATTRIBUTES = (
               "Public"
            );
         };
      };
      "OBJ_42" = {
         isa = "PBXBuildFile";
         fileRef = "OBJ_16";
         settings = {
            ATTRIBUTES = (
               "Public"
            );
         };
      };
      "OBJ_43" = {
         isa = "PBXBuildFile";
         fileRef = "OBJ_17";
         settings = {
            ATTRIBUTES = (
               "Public"
            );
         };
      };
      "OBJ_44" = {
         isa = "PBXFrameworksBuildPhase";
         files = (
         );
      };
      "OBJ_46" = {
         isa = "XCConfigurationList";
         buildConfigurations = (
            "OBJ_47",
            "OBJ_48"
         );
         defaultConfigurationIsVisible = "0";
         defaultConfigurationName = "Release";
      };
      "OBJ_47" = {
         isa = "XCBuildConfiguration";
         buildSettings = {
            LD = "/usr/bin/true";
            OTHER_SWIFT_FLAGS = (
               "-swift-version",
               "5",
               "-I",
               "$(TOOLCHAIN_DIR)/usr/lib/swift/pm/4_2",
               "-target",
               "x86_64-apple-macosx10.10",
               "-sdk",
               "/Applications/Xcode.app/Contents/Developer/Platforms/MacOSX.platform/Developer/SDKs/MacOSX10.15.sdk",
               "-package-description-version",
               "5.1"
            );
            SWIFT_VERSION = "5.0";
         };
         name = "Debug";
      };
      "OBJ_48" = {
         isa = "XCBuildConfiguration";
         buildSettings = {
            LD = "/usr/bin/true";
            OTHER_SWIFT_FLAGS = (
               "-swift-version",
               "5",
               "-I",
               "$(TOOLCHAIN_DIR)/usr/lib/swift/pm/4_2",
               "-target",
               "x86_64-apple-macosx10.10",
               "-sdk",
               "/Applications/Xcode.app/Contents/Developer/Platforms/MacOSX.platform/Developer/SDKs/MacOSX10.15.sdk",
               "-package-description-version",
               "5.1"
            );
            SWIFT_VERSION = "5.0";
         };
         name = "Release";
      };
      "OBJ_49" = {
         isa = "PBXSourcesBuildPhase";
         files = (
            "OBJ_50"
         );
      };
      "OBJ_5" = {
         isa = "PBXGroup";
         children = (
            "OBJ_6",
            "OBJ_7",
            "OBJ_18",
            "OBJ_22",
            "OBJ_25",
            "OBJ_26",
            "OBJ_27",
            "OBJ_28",
            "OBJ_29",
            "OBJ_30"
         );
         path = "";
         sourceTree = "<group>";
      };
      "OBJ_50" = {
         isa = "PBXBuildFile";
         fileRef = "OBJ_6";
      };
      "OBJ_52" = {
         isa = "XCConfigurationList";
         buildConfigurations = (
            "OBJ_53",
            "OBJ_54"
         );
         defaultConfigurationIsVisible = "0";
         defaultConfigurationName = "Release";
      };
      "OBJ_53" = {
         isa = "XCBuildConfiguration";
         buildSettings = {
         };
         name = "Debug";
      };
      "OBJ_54" = {
         isa = "XCBuildConfiguration";
         buildSettings = {
         };
         name = "Release";
      };
      "OBJ_55" = {
         isa = "PBXTargetDependency";
         target = "KKBOXOpenAPI::KKBOXOpenAPITests";
      };
      "OBJ_57" = {
         isa = "XCConfigurationList";
         buildConfigurations = (
            "OBJ_58",
            "OBJ_59"
         );
         defaultConfigurationIsVisible = "0";
         defaultConfigurationName = "Release";
      };
      "OBJ_58" = {
         isa = "XCBuildConfiguration";
         buildSettings = {
            CLANG_ENABLE_MODULES = "YES";
            EMBEDDED_CONTENT_CONTAINS_SWIFT = "YES";
            FRAMEWORK_SEARCH_PATHS = (
               "$(inherited)",
               "$(PLATFORM_DIR)/Developer/Library/Frameworks"
            );
            HEADER_SEARCH_PATHS = (
               "$(inherited)",
               "$(SRCROOT)/Sources/KKBOXOpenAPI/include"
            );
            INFOPLIST_FILE = "KKBOXOpenAPI.xcodeproj/KKBOXOpenAPITests_Info.plist";
            IPHONEOS_DEPLOYMENT_TARGET = "8.0";
            LD_RUNPATH_SEARCH_PATHS = (
               "$(inherited)",
               "@loader_path/../Frameworks",
               "@loader_path/Frameworks"
            );
            MACOSX_DEPLOYMENT_TARGET = "10.10";
            OTHER_CFLAGS = (
               "$(inherited)"
            );
            OTHER_LDFLAGS = (
               "$(inherited)"
            );
            OTHER_SWIFT_FLAGS = (
               "$(inherited)"
            );
            SWIFT_ACTIVE_COMPILATION_CONDITIONS = (
               "$(inherited)"
            );
            SWIFT_VERSION = "5.0";
            TARGET_NAME = "KKBOXOpenAPITests";
            TVOS_DEPLOYMENT_TARGET = "9.0";
            WATCHOS_DEPLOYMENT_TARGET = "2.0";
         };
         name = "Debug";
      };
      "OBJ_59" = {
         isa = "XCBuildConfiguration";
         buildSettings = {
            CLANG_ENABLE_MODULES = "YES";
            EMBEDDED_CONTENT_CONTAINS_SWIFT = "YES";
            FRAMEWORK_SEARCH_PATHS = (
               "$(inherited)",
               "$(PLATFORM_DIR)/Developer/Library/Frameworks"
            );
            HEADER_SEARCH_PATHS = (
               "$(inherited)",
               "$(SRCROOT)/Sources/KKBOXOpenAPI/include"
            );
            INFOPLIST_FILE = "KKBOXOpenAPI.xcodeproj/KKBOXOpenAPITests_Info.plist";
            IPHONEOS_DEPLOYMENT_TARGET = "8.0";
            LD_RUNPATH_SEARCH_PATHS = (
               "$(inherited)",
               "@loader_path/../Frameworks",
               "@loader_path/Frameworks"
            );
            MACOSX_DEPLOYMENT_TARGET = "10.10";
            OTHER_CFLAGS = (
               "$(inherited)"
            );
            OTHER_LDFLAGS = (
               "$(inherited)"
            );
            OTHER_SWIFT_FLAGS = (
               "$(inherited)"
            );
            SWIFT_ACTIVE_COMPILATION_CONDITIONS = (
               "$(inherited)"
            );
            SWIFT_VERSION = "5.0";
            TARGET_NAME = "KKBOXOpenAPITests";
            TVOS_DEPLOYMENT_TARGET = "9.0";
            WATCHOS_DEPLOYMENT_TARGET = "2.0";
         };
         name = "Release";
      };
      "OBJ_6" = {
         isa = "PBXFileReference";
         explicitFileType = "sourcecode.swift";
         path = "Package.swift";
         sourceTree = "<group>";
      };
      "OBJ_60" = {
         isa = "PBXSourcesBuildPhase";
         files = (
            "OBJ_61",
            "OBJ_62"
         );
      };
      "OBJ_61" = {
         isa = "PBXBuildFile";
         fileRef = "OBJ_20";
      };
      "OBJ_62" = {
         isa = "PBXBuildFile";
         fileRef = "OBJ_21";
      };
      "OBJ_63" = {
         isa = "PBXFrameworksBuildPhase";
         files = (
            "OBJ_64"
         );
      };
      "OBJ_64" = {
         isa = "PBXBuildFile";
         fileRef = "KKBOXOpenAPI::KKBOXOpenAPI::Product";
      };
      "OBJ_65" = {
         isa = "PBXTargetDependency";
         target = "KKBOXOpenAPI::KKBOXOpenAPI";
      };
      "OBJ_7" = {
         isa = "PBXGroup";
         children = (
            "OBJ_8"
         );
         name = "Sources";
         path = "";
         sourceTree = "SOURCE_ROOT";
      };
      "OBJ_8" = {
         isa = "PBXGroup";
         children = (
            "OBJ_9",
            "OBJ_10",
            "OBJ_11",
            "OBJ_12",
            "OBJ_13",
            "OBJ_14"
         );
         name = "KKBOXOpenAPI";
         path = "Sources/KKBOXOpenAPI";
         sourceTree = "SOURCE_ROOT";
      };
      "OBJ_9" = {
         isa = "PBXFileReference";
         path = "NSData+LFHTTPFormExtensions.h";
         sourceTree = "<group>";
      };
   };
   rootObject = "OBJ_1";
}
